
Microsoft Visual Studio Solution File, Format Version 12.00
# Visual Studio 15
Project("{FAE04EC0-301F-11D3-BF4B-00C04F79EFBC}") = "AstarPathfindingProject", "AstarPathfindingProject.csproj", "{B85DBB4B-4ED6-9E87-1872-6112FB0D1B3B}"
EndProject
Project("{FAE04EC0-301F-11D3-BF4B-00C04F79EFBC}") = "Assembly-CSharp", "Assembly-CSharp.csproj", "{10E05440-A6EC-4959-54C7-704E7F867252}"
EndProject
Project("{FAE04EC0-301F-11D3-BF4B-00C04F79EFBC}") = "PackageToolsEditor", "PackageToolsEditor.csproj", "{54F773ED-6B12-2148-02E3-D441D3C2C971}"
EndProject
Project("{FAE04EC0-301F-11D3-BF4B-00C04F79EFBC}") = "AstarPathfindingProjectEditor", "AstarPathfindingProjectEditor.csproj", "{1D76B321-C302-0BCE-EF9C-B6EAD27A9545}"
EndProject
Global
	GlobalSection(SolutionConfigurationPlatforms) = preSolution
		Debug|Any CPU = Debug|Any CPU
		Release|Any CPU = Release|Any CPU
	EndGlobalSection
	GlobalSection(ProjectConfigurationPlatforms) = postSolution
		{B85DBB4B-4ED6-9E87-1872-6112FB0D1B3B}.Debug|Any CPU.ActiveCfg = Debug|Any CPU
		{B85DBB4B-4ED6-9E87-1872-6112FB0D1B3B}.Debug|Any CPU.Build.0 = Debug|Any CPU
		{B85DBB4B-4ED6-9E87-1872-6112FB0D1B3B}.Release|Any CPU.ActiveCfg = Release|Any CPU
		{B85DBB4B-4ED6-9E87-1872-6112FB0D1B3B}.Release|Any CPU.Build.0 = Release|Any CPU
		{10E05440-A6EC-4959-54C7-704E7F867252}.Debug|Any CPU.ActiveCfg = Debug|Any CPU
		{10E05440-A6EC-4959-54C7-704E7F867252}.Debug|Any CPU.Build.0 = Debug|Any CPU
		{10E05440-A6EC-4959-54C7-704E7F867252}.Release|Any CPU.ActiveCfg = Release|Any CPU
		{10E05440-A6EC-4959-54C7-704E7F867252}.Release|Any CPU.Build.0 = Release|Any CPU
		{54F773ED-6B12-2148-02E3-D441D3C2C971}.Debug|Any CPU.ActiveCfg = Debug|Any CPU
		{54F773ED-6B12-2148-02E3-D441D3C2C971}.Debug|Any CPU.Build.0 = Debug|Any CPU
		{54F773ED-6B12-2148-02E3-D441D3C2C971}.Release|Any CPU.ActiveCfg = Release|Any CPU
		{54F773ED-6B12-2148-02E3-D441D3C2C971}.Release|Any CPU.Build.0 = Release|Any CPU
		{1D76B321-C302-0BCE-EF9C-B6EAD27A9545}.Debug|Any CPU.ActiveCfg = Debug|Any CPU
		{1D76B321-C302-0BCE-EF9C-B6EAD27A9545}.Debug|Any CPU.Build.0 = Debug|Any CPU
		{1D76B321-C302-0BCE-EF9C-B6EAD27A9545}.Release|Any CPU.ActiveCfg = Release|Any CPU
		{1D76B321-C302-0BCE-EF9C-B6EAD27A9545}.Release|Any CPU.Build.0 = Release|Any CPU
	EndGlobalSection
	GlobalSection(SolutionProperties) = preSolution
		HideSolutionNode = FALSE
	EndGlobalSection
EndGlobal
